
Microsoft Visual Studio Solution File, Format Version 12.00
# Visual Studio 15
VisualStudioVersion = 15.0.26124.0
MinimumVisualStudioVersion = 15.0.26124.0
Project("{2150E333-8FDC-42A3-9474-1A3956D46DE8}") = "DataStructures", "DataStructures", "{B2E6AE67-84DE-4947-88C3-9A5D90E13D0D}"
EndProject
Project("{FAE04EC0-301F-11D3-BF4B-00C04F79EFBC}") = "DataStructures.Core", "DataStructures\DataStructures.Core\DataStructures.Core.csproj", "{B18331ED-5D83-445B-84F9-E0C152E8649E}"
EndProject
Project("{FAE04EC0-301F-11D3-BF4B-00C04F79EFBC}") = "DataStructures.Tests", "DataStructures\DataStructures.Tests\DataStructures.Tests.csproj", "{11ADC3F7-3D27-44DA-B8D1-2C4040448872}"
EndProject
Project("{2150E333-8FDC-42A3-9474-1A3956D46DE8}") = "Algorithms", "Algorithms", "{04115B48-B37E-4D7C-B359-7FB4060030AB}"
EndProject
Project("{FAE04EC0-301F-11D3-BF4B-00C04F79EFBC}") = "Algorithms.Core", "Algorithms\Algorithms.Core\Algorithms.Core.csproj", "{53B76B86-4DCB-4CD7-B438-0B4C1C04DC2A}"
EndProject
Project("{FAE04EC0-301F-11D3-BF4B-00C04F79EFBC}") = "Algorithms.Tests", "Algorithms\Algorithms.Tests\Algorithms.Tests.csproj", "{4D507BAF-0621-4AEA-A15C-E833C81642BE}"
EndProject
Global
	GlobalSection(SolutionProperties) = preSolution
		HideSolutionNode = FALSE
	EndGlobalSection
	GlobalSection(SolutionConfigurationPlatforms) = preSolution
		Debug|Any CPU = Debug|Any CPU
		Debug|x64 = Debug|x64
		Debug|x86 = Debug|x86
		Release|Any CPU = Release|Any CPU
		Release|x64 = Release|x64
		Release|x86 = Release|x86
	EndGlobalSection
	GlobalSection(ProjectConfigurationPlatforms) = postSolution
		{B18331ED-5D83-445B-84F9-E0C152E8649E}.Debug|Any CPU.ActiveCfg = Debug|Any CPU
		{B18331ED-5D83-445B-84F9-E0C152E8649E}.Debug|Any CPU.Build.0 = Debug|Any CPU
		{B18331ED-5D83-445B-84F9-E0C152E8649E}.Debug|x64.ActiveCfg = Debug|Any CPU
		{B18331ED-5D83-445B-84F9-E0C152E8649E}.Debug|x64.Build.0 = Debug|Any CPU
		{B18331ED-5D83-445B-84F9-E0C152E8649E}.Debug|x86.ActiveCfg = Debug|Any CPU
		{B18331ED-5D83-445B-84F9-E0C152E8649E}.Debug|x86.Build.0 = Debug|Any CPU
		{B18331ED-5D83-445B-84F9-E0C152E8649E}.Release|Any CPU.ActiveCfg = Release|Any CPU
		{B18331ED-5D83-445B-84F9-E0C152E8649E}.Release|Any CPU.Build.0 = Release|Any CPU
		{B18331ED-5D83-445B-84F9-E0C152E8649E}.Release|x64.ActiveCfg = Release|Any CPU
		{B18331ED-5D83-445B-84F9-E0C152E8649E}.Release|x64.Build.0 = Release|Any CPU
		{B18331ED-5D83-445B-84F9-E0C152E8649E}.Release|x86.ActiveCfg = Release|Any CPU
		{B18331ED-5D83-445B-84F9-E0C152E8649E}.Release|x86.Build.0 = Release|Any CPU
		{11ADC3F7-3D27-44DA-B8D1-2C4040448872}.Debug|Any CPU.ActiveCfg = Debug|Any CPU
		{11ADC3F7-3D27-44DA-B8D1-2C4040448872}.Debug|Any CPU.Build.0 = Debug|Any CPU
		{11ADC3F7-3D27-44DA-B8D1-2C4040448872}.Debug|x64.ActiveCfg = Debug|Any CPU
		{11ADC3F7-3D27-44DA-B8D1-2C4040448872}.Debug|x64.Build.0 = Debug|Any CPU
		{11ADC3F7-3D27-44DA-B8D1-2C4040448872}.Debug|x86.ActiveCfg = Debug|Any CPU
		{11ADC3F7-3D27-44DA-B8D1-2C4040448872}.Debug|x86.Build.0 = Debug|Any CPU
		{11ADC3F7-3D27-44DA-B8D1-2C4040448872}.Release|Any CPU.ActiveCfg = Release|Any CPU
		{11ADC3F7-3D27-44DA-B8D1-2C4040448872}.Release|Any CPU.Build.0 = Release|Any CPU
		{11ADC3F7-3D27-44DA-B8D1-2C4040448872}.Release|x64.ActiveCfg = Release|Any CPU
		{11ADC3F7-3D27-44DA-B8D1-2C4040448872}.Release|x64.Build.0 = Release|Any CPU
		{11ADC3F7-3D27-44DA-B8D1-2C4040448872}.Release|x86.ActiveCfg = Release|Any CPU
		{11ADC3F7-3D27-44DA-B8D1-2C4040448872}.Release|x86.Build.0 = Release|Any CPU
		{53B76B86-4DCB-4CD7-B438-0B4C1C04DC2A}.Debug|Any CPU.ActiveCfg = Debug|Any CPU
		{53B76B86-4DCB-4CD7-B438-0B4C1C04DC2A}.Debug|Any CPU.Build.0 = Debug|Any CPU
		{53B76B86-4DCB-4CD7-B438-0B4C1C04DC2A}.Debug|x64.ActiveCfg = Debug|Any CPU
		{53B76B86-4DCB-4CD7-B438-0B4C1C04DC2A}.Debug|x64.Build.0 = Debug|Any CPU
		{53B76B86-4DCB-4CD7-B438-0B4C1C04DC2A}.Debug|x86.ActiveCfg = Debug|Any CPU
		{53B76B86-4DCB-4CD7-B438-0B4C1C04DC2A}.Debug|x86.Build.0 = Debug|Any CPU
		{53B76B86-4DCB-4CD7-B438-0B4C1C04DC2A}.Release|Any CPU.ActiveCfg = Release|Any CPU
		{53B76B86-4DCB-4CD7-B438-0B4C1C04DC2A}.Release|Any CPU.Build.0 = Release|Any CPU
		{53B76B86-4DCB-4CD7-B438-0B4C1C04DC2A}.Release|x64.ActiveCfg = Release|Any CPU
		{53B76B86-4DCB-4CD7-B438-0B4C1C04DC2A}.Release|x64.Build.0 = Release|Any CPU
		{53B76B86-4DCB-4CD7-B438-0B4C1C04DC2A}.Release|x86.ActiveCfg = Release|Any CPU
		{53B76B86-4DCB-4CD7-B438-0B4C1C04DC2A}.Release|x86.Build.0 = Release|Any CPU
		{4D507BAF-0621-4AEA-A15C-E833C81642BE}.Debug|Any CPU.ActiveCfg = Debug|Any CPU
		{4D507BAF-0621-4AEA-A15C-E833C81642BE}.Debug|Any CPU.Build.0 = Debug|Any CPU
		{4D507BAF-0621-4AEA-A15C-E833C81642BE}.Debug|x64.ActiveCfg = Debug|Any CPU
		{4D507BAF-0621-4AEA-A15C-E833C81642BE}.Debug|x64.Build.0 = Debug|Any CPU
		{4D507BAF-0621-4AEA-A15C-E833C81642BE}.Debug|x86.ActiveCfg = Debug|Any CPU
		{4D507BAF-0621-4AEA-A15C-E833C81642BE}.Debug|x86.Build.0 = Debug|Any CPU
		{4D507BAF-0621-4AEA-A15C-E833C81642BE}.Release|Any CPU.ActiveCfg = Release|Any CPU
		{4D507BAF-0621-4AEA-A15C-E833C81642BE}.Release|Any CPU.Build.0 = Release|Any CPU
		{4D507BAF-0621-4AEA-A15C-E833C81642BE}.Release|x64.ActiveCfg = Release|Any CPU
		{4D507BAF-0621-4AEA-A15C-E833C81642BE}.Release|x64.Build.0 = Release|Any CPU
		{4D507BAF-0621-4AEA-A15C-E833C81642BE}.Release|x86.ActiveCfg = Release|Any CPU
		{4D507BAF-0621-4AEA-A15C-E833C81642BE}.Release|x86.Build.0 = Release|Any CPU
	EndGlobalSection
	GlobalSection(NestedProjects) = preSolution
		{B18331ED-5D83-445B-84F9-E0C152E8649E} = {B2E6AE67-84DE-4947-88C3-9A5D90E13D0D}
		{11ADC3F7-3D27-44DA-B8D1-2C4040448872} = {B2E6AE67-84DE-4947-88C3-9A5D90E13D0D}
		{53B76B86-4DCB-4CD7-B438-0B4C1C04DC2A} = {04115B48-B37E-4D7C-B359-7FB4060030AB}
		{4D507BAF-0621-4AEA-A15C-E833C81642BE} = {04115B48-B37E-4D7C-B359-7FB4060030AB}
	EndGlobalSection
EndGlobal
